<?xml version="1.0" encoding="utf-8"?>
<Project ToolsVersion="4.0" xmlns="http://schemas.microsoft.com/developer/msbuild/2003">
  <ItemGroup>
    <Filter Include="Source Files">
      <UniqueIdentifier>{4FC737F1-C7A5-4376-A066-2A32D752A2FF}</UniqueIdentifier>
      <Extensions>cpp;c;cc;cxx;def;odl;idl;hpj;bat;asm;asmx</Extensions>
    </Filter>
    <Filter Include="Header Files">
      <UniqueIdentifier>{93995380-89BD-4b04-88EB-625FBE52EBFB}</UniqueIdentifier>
      <Extensions>h;hh;hpp;hxx;hm;inl;inc;xsd</Extensions>
    </Filter>
    <Filter Include="Resource Files">
      <UniqueIdentifier>{67DA6AB6-F800-4c08-8B7A-83BB121AAD01}</UniqueIdentifier>
      <Extensions>rc;ico;cur;bmp;dlg;rc2;rct;bin;rgs;gif;jpg;jpeg;jpe;resx;tiff;tif;png;wav;mfcribbon-ms</Extensions>
    </Filter>
    <Filter Include="Source Files\Cards">
      <UniqueIdentifier>{d7a5b726-a24e-471a-8253-5956321b93fe}</UniqueIdentifier>
    </Filter>
    <Filter Include="Source Files\Cards\Build">
      <UniqueIdentifier>{e21385d5-4e12-4bd2-aa87-7bdc4e32557a}</UniqueIdentifier>
    </Filter>
    <Filter Include="Source Files\Cards\Character">
      <UniqueIdentifier>{3ab0f0b2-aff2-40ea-aa1b-0f250e71f7b3}</UniqueIdentifier>
    </Filter>
    <Filter Include="Header Files\Cards">
      <UniqueIdentifier>{8e4ca2d2-e9e4-4b54-b583-9b17d9a3972e}</UniqueIdentifier>
    </Filter>
    <Filter Include="Header Files\Cards\Build">
      <UniqueIdentifier>{bc4043f8-02ee-4d46-b2d2-5f2c64dda178}</UniqueIdentifier>
    </Filter>
    <Filter Include="Header Files\Cards\Character">
      <UniqueIdentifier>{09d59392-6ec0-4f8c-913f-957498393035}</UniqueIdentifier>
    </Filter>
  </ItemGroup>
  <ItemGroup>
    <ClCompile Include="main.cpp">
      <Filter>Source Files</Filter>
    </ClCompile>
    <ClCompile Include="Player.cpp">
      <Filter>Source Files</Filter>
    </ClCompile>
    <ClCompile Include="Socket.cpp">
      <Filter>Source Files</Filter>
    </ClCompile>
    <ClCompile Include="throw.cpp">
      <Filter>Source Files</Filter>
    </ClCompile>
    <ClCompile Include="Game.cpp">
      <Filter>Source Files</Filter>
    </ClCompile>
    <ClCompile Include="Client.cpp">
      <Filter>Source Files</Filter>
    </ClCompile>
    <ClCompile Include="CharacterCard.cpp">
      <Filter>Source Files\Cards\Character</Filter>
    </ClCompile>
    <ClCompile Include="BuildCard.cpp">
      <Filter>Source Files\Cards\Build</Filter>
    </ClCompile>
    <ClCompile Include="Bouwmeester.cpp">
      <Filter>Source Files\Cards\Character</Filter>
    </ClCompile>
    <ClCompile Include="Condottiere.cpp">
      <Filter>Source Files\Cards\Character</Filter>
    </ClCompile>
    <ClCompile Include="Dief.cpp">
      <Filter>Source Files\Cards\Character</Filter>
    </ClCompile>
    <ClCompile Include="Koning.cpp">
      <Filter>Source Files\Cards\Character</Filter>
    </ClCompile>
    <ClCompile Include="Koopman.cpp">
      <Filter>Source Files\Cards\Character</Filter>
    </ClCompile>
    <ClCompile Include="Magier.cpp">
      <Filter>Source Files\Cards\Character</Filter>
    </ClCompile>
    <ClCompile Include="Moordenaar.cpp">
      <Filter>Source Files\Cards\Character</Filter>
    </ClCompile>
    <ClCompile Include="Factory.cpp">
      <Filter>Source Files</Filter>
    </ClCompile>
    <ClCompile Include="Werkplaats.cpp">
      <Filter>Source Files\Cards\Build</Filter>
    </ClCompile>
    <ClCompile Include="Universiteit.cpp">
      <Filter>Source Files\Cards\Build</Filter>
    </ClCompile>
    <ClCompile Include="Observatorium.cpp">
      <Filter>Source Files\Cards\Build</Filter>
    </ClCompile>
    <ClCompile Include="Laboratorium.cpp">
      <Filter>Source Files\Cards\Build</Filter>
    </ClCompile>
    <ClCompile Include="Kerkhof.cpp">
      <Filter>Source Files\Cards\Build</Filter>
    </ClCompile>
    <ClCompile Include="Kerker.cpp">
      <Filter>Source Files\Cards\Build</Filter>
    </ClCompile>
    <ClCompile Include="Hof.cpp">
      <Filter>Source Files\Cards\Build</Filter>
    </ClCompile>
    <ClCompile Include="Drakenpoort.cpp">
      <Filter>Source Files\Cards\Build</Filter>
    </ClCompile>
    <ClCompile Include="Bibliotheek.cpp">
      <Filter>Source Files\Cards\Build</Filter>
    </ClCompile>
    <ClCompile Include="PurpleCard.cpp">
      <Filter>Source Files\Cards\Build</Filter>
    </ClCompile>
    <ClCompile Include="School.cpp">
      <Filter>Source Files\Cards\Build</Filter>
    </ClCompile>
    <ClCompile Include="GameServer.cpp">
      <Filter>Source Files</Filter>
    </ClCompile>
    <ClCompile Include="Prediker.cpp">
      <Filter>Source Files\Cards\Character</Filter>
    </ClCompile>
  </ItemGroup>
  <ItemGroup>
    <ClInclude Include="ClientCommand.h">
      <Filter>Header Files</Filter>
    </ClInclude>
    <ClInclude Include="ClientInfo.h">
      <Filter>Header Files</Filter>
    </ClInclude>
    <ClInclude Include="Player.h">
      <Filter>Header Files</Filter>
    </ClInclude>
    <ClInclude Include="Socket.h">
      <Filter>Header Files</Filter>
    </ClInclude>
    <ClInclude Include="Sync_queue.h">
      <Filter>Header Files</Filter>
    </ClInclude>
    <ClInclude Include="throw.h">
      <Filter>Header Files</Filter>
    </ClInclude>
    <ClInclude Include="config.h">
      <Filter>Header Files</Filter>
    </ClInclude>
    <ClInclude Include="Game.h">
      <Filter>Header Files</Filter>
    </ClInclude>
    <ClInclude Include="Client.h">
      <Filter>Header Files</Filter>
    </ClInclude>
    <ClInclude Include="CharacterCard.h">
      <Filter>Header Files\Cards\Character</Filter>
    </ClInclude>
    <ClInclude Include="BuildCard.h">
      <Filter>Header Files\Cards\Build</Filter>
    </ClInclude>
    <ClInclude Include="Factory.h">
      <Filter>Header Files</Filter>
    </ClInclude>
    <ClInclude Include="Moordenaar.h">
      <Filter>Header Files\Cards\Character</Filter>
    </ClInclude>
    <ClInclude Include="Dief.h">
      <Filter>Header Files\Cards\Character</Filter>
    </ClInclude>
    <ClInclude Include="Magier.h">
      <Filter>Header Files\Cards\Character</Filter>
    </ClInclude>
    <ClInclude Include="Koning.h">
      <Filter>Header Files\Cards\Character</Filter>
    </ClInclude>
    <ClInclude Include="Prediker.h">
      <Filter>Header Files\Cards\Character</Filter>
    </ClInclude>
    <ClInclude Include="Koopman.h">
      <Filter>Header Files\Cards\Character</Filter>
    </ClInclude>
    <ClInclude Include="Bouwmeester.h">
      <Filter>Header Files\Cards\Character</Filter>
    </ClInclude>
    <ClInclude Include="Condottiere.h">
      <Filter>Header Files\Cards\Character</Filter>
    </ClInclude>
    <ClInclude Include="Bibliotheek.h">
      <Filter>Header Files\Cards\Build</Filter>
    </ClInclude>
    <ClInclude Include="Drakenpoort.h">
      <Filter>Header Files\Cards\Build</Filter>
    </ClInclude>
    <ClInclude Include="Hof.h">
      <Filter>Header Files\Cards\Build</Filter>
    </ClInclude>
    <ClInclude Include="Kerker.h">
      <Filter>Header Files\Cards\Build</Filter>
    </ClInclude>
    <ClInclude Include="Kerkhof.h">
      <Filter>Header Files\Cards\Build</Filter>
    </ClInclude>
    <ClInclude Include="Laboratorium.h">
      <Filter>Header Files\Cards\Build</Filter>
    </ClInclude>
    <ClInclude Include="Observatorium.h">
      <Filter>Header Files\Cards\Build</Filter>
    </ClInclude>
    <ClInclude Include="School.h">
      <Filter>Header Files\Cards\Build</Filter>
    </ClInclude>
    <ClInclude Include="Universiteit.h">
      <Filter>Header Files\Cards\Build</Filter>
    </ClInclude>
    <ClInclude Include="Werkplaats.h">
      <Filter>Header Files\Cards\Build</Filter>
    </ClInclude>
    <ClInclude Include="PurpleCard.h">
      <Filter>Header Files\Cards\Build</Filter>
    </ClInclude>
    <ClInclude Include="GameServer.h">
      <Filter>Header Files</Filter>
    </ClInclude>
    <ClInclude Include="CircularBuffer.h">
      <Filter>Header Files</Filter>
    </ClInclude>
  </ItemGroup>
  <ItemGroup>
    <None Include="Bouwkaarten.csv">
      <Filter>Resource Files</Filter>
    </None>
    <None Include="karakterkaarten.csv">
      <Filter>Resource Files</Filter>
    </None>
  </ItemGroup>
</Project>